
Microsoft Visual Studio Solution File, Format Version 12.00
# Visual Studio Version 16
VisualStudioVersion = 16.0.31112.23
MinimumVisualStudioVersion = 10.0.40219.1
Project("{FAE04EC0-301F-11D3-BF4B-00C04F79EFBC}") = "61-KİTAPLIK VERİTABANI (ACCESS)", "61-KİTAPLIK VERİTABANI (ACCESS)\61-KİTAPLIK VERİTABANI (ACCESS).csproj", "{D3A0D29F-943C-4065-96B2-46D54D159C35}"
EndProject
Global
	GlobalSection(SolutionConfigurationPlatforms) = preSolution
		Debug|Any CPU = Debug|Any CPU
		Release|Any CPU = Release|Any CPU
	EndGlobalSection
	GlobalSection(ProjectConfigurationPlatforms) = postSolution
		{D3A0D29F-943C-4065-96B2-46D54D159C35}.Debug|Any CPU.ActiveCfg = Debug|Any CPU
		{D3A0D29F-943C-4065-96B2-46D54D159C35}.Debug|Any CPU.Build.0 = Debug|Any CPU
		{D3A0D29F-943C-4065-96B2-46D54D159C35}.Release|Any CPU.ActiveCfg = Release|Any CPU
		{D3A0D29F-943C-4065-96B2-46D54D159C35}.Release|Any CPU.Build.0 = Release|Any CPU
	EndGlobalSection
	GlobalSection(SolutionProperties) = preSolution
		HideSolutionNode = FALSE
	EndGlobalSection
	GlobalSection(ExtensibilityGlobals) = postSolution
		SolutionGuid = {F441011A-03C5-4374-965C-B6EF7D5CA6ED}
	EndGlobalSection
EndGlobal
